{
	"name": "dtslint-util",
	"version": "0.3.0",
	"lockfileVersion": 1,
	"requires": true,
	"dependencies": {
		"@types/parsimmon": {
			"version": "1.10.0",
			"resolved": "https://registry.npmjs.org/@types/parsimmon/-/parsimmon-1.10.0.tgz",
			"integrity": "sha512-bsTIJFVQv7jnvNiC42ld2pQW2KRI+pAG243L+iATvqzy3X6+NH1obz2itRKDZZ8VVhN3wjwYax/VBGCcXzgTqQ=="
		},
		"definitelytyped-header-parser": {
			"version": "github:Microsoft/definitelytyped-header-parser#a485d0e3f394da4d8628f36bf5b9700102f6b014",
			"from": "github:Microsoft/definitelytyped-header-parser#production",
			"requires": {
				"@types/parsimmon": "^1.3.0",
				"parsimmon": "^1.2.0"
			}
		},
		"fs-extra": {
			"version": "6.0.1",
			"resolved": "https://registry.npmjs.org/fs-extra/-/fs-extra-6.0.1.tgz",
			"integrity": "sha512-GnyIkKhhzXZUWFCaJzvyDLEEgDkPfb4/TPvJCJVuS8MWZgoSsErf++QpiAlDnKFcqhRlm+tIOcencCjyJE6ZCA==",
			"requires": {
				"graceful-fs": "^4.1.2",
				"jsonfile": "^4.0.0",
				"universalify": "^0.1.0"
			}
		},
		"graceful-fs": {
			"version": "4.1.11",
			"resolved": "https://registry.npmjs.org/graceful-fs/-/graceful-fs-4.1.11.tgz",
			"integrity": "sha1-Dovf5NHduIVNZOBOp8AOKgJuVlg="
		},
		"jsonfile": {
			"version": "4.0.0",
			"resolved": "https://registry.npmjs.org/jsonfile/-/jsonfile-4.0.0.tgz",
			"integrity": "sha1-h3Gq4HmbZAdrdmQPygWPnBDjPss=",
			"requires": {
				"graceful-fs": "^4.1.6"
			}
		},
		"parsimmon": {
			"version": "1.12.0",
			"resolved": "https://registry.npmjs.org/parsimmon/-/parsimmon-1.12.0.tgz",
			"integrity": "sha512-uC/BjuSfb4jfaWajKCp1mVncXXq+V1twbcYChbTxN3GM7fn+8XoHwUdvUz+PTaFtDSCRQxU8+Rnh+iMhAkVwdw=="
		},
		"strip-json-comments": {
			"version": "2.0.1",
			"resolved": "https://registry.npmjs.org/strip-json-comments/-/strip-json-comments-2.0.1.tgz",
			"integrity": "sha1-PFMZQukIwml8DsNEhYwobHygpgo="
		},
		"typescript": {
			"version": "2.4.2",
			"resolved": "https://registry.npmjs.org/typescript/-/typescript-2.4.2.tgz",
			"integrity": "sha1-+DlfhdRZJ2BnyYiqQYN6j4KHCEQ=",
			"dev": true
		},
		"universalify": {
			"version": "0.1.2",
			"resolved": "https://registry.npmjs.org/universalify/-/universalify-0.1.2.tgz",
			"integrity": "sha512-rBJeI5CXAlmy1pV+617WB9J63U6XcazHHF2f2dbJix4XzpUF0RS3Zbj0FGIOCAva5P/d/GBOYaACQ1w+0azUkg=="
		}
	}
}
